
Microsoft Visual Studio Solution File, Format Version 12.00
# Visual Studio Version 16
VisualStudioVersion = 16.0.30011.22
MinimumVisualStudioVersion = 10.0.40219.1
Project("{9A19103F-16F7-4668-BE54-9A1E7A4F7556}") = "TCPServeropg5", "TCPServeropg5\TCPServeropg5.csproj", "{601DBAAB-3A00-42CB-AE50-0CF47C1B66A7}"
EndProject
Project("{9A19103F-16F7-4668-BE54-9A1E7A4F7556}") = "Beerlibrary", "..\Beerlibrary\Beerlibrary\Beerlibrary.csproj", "{CDD3AF03-DA1A-4946-8038-1F92883641FA}"
EndProject
Global
	GlobalSection(SolutionConfigurationPlatforms) = preSolution
		Debug|Any CPU = Debug|Any CPU
		Release|Any CPU = Release|Any CPU
	EndGlobalSection
	GlobalSection(ProjectConfigurationPlatforms) = postSolution
		{601DBAAB-3A00-42CB-AE50-0CF47C1B66A7}.Debug|Any CPU.ActiveCfg = Debug|Any CPU
		{601DBAAB-3A00-42CB-AE50-0CF47C1B66A7}.Debug|Any CPU.Build.0 = Debug|Any CPU
		{601DBAAB-3A00-42CB-AE50-0CF47C1B66A7}.Release|Any CPU.ActiveCfg = Release|Any CPU
		{601DBAAB-3A00-42CB-AE50-0CF47C1B66A7}.Release|Any CPU.Build.0 = Release|Any CPU
		{CDD3AF03-DA1A-4946-8038-1F92883641FA}.Debug|Any CPU.ActiveCfg = Debug|Any CPU
		{CDD3AF03-DA1A-4946-8038-1F92883641FA}.Debug|Any CPU.Build.0 = Debug|Any CPU
		{CDD3AF03-DA1A-4946-8038-1F92883641FA}.Release|Any CPU.ActiveCfg = Release|Any CPU
		{CDD3AF03-DA1A-4946-8038-1F92883641FA}.Release|Any CPU.Build.0 = Release|Any CPU
	EndGlobalSection
	GlobalSection(SolutionProperties) = preSolution
		HideSolutionNode = FALSE
	EndGlobalSection
	GlobalSection(ExtensibilityGlobals) = postSolution
		SolutionGuid = {FD71471B-2753-4521-9A94-3D32DA640BBF}
	EndGlobalSection
EndGlobal
